
Microsoft Visual Studio Solution File, Format Version 12.00
# Visual Studio Version 17
VisualStudioVersion = 17.12.35707.178 d17.12
MinimumVisualStudioVersion = 10.0.40219.1
Project("{FAE04EC0-301F-11D3-BF4B-00C04F79EFBC}") = "BackendRaith", "BackendRaith.csproj", "{718470E2-B115-4554-AA06-BC443C11805C}"
EndProject
Project("{FAE04EC0-301F-11D3-BF4B-00C04F79EFBC}") = "CustomDataBase", "..\CustomDataBase\CustomDataBase.csproj", "{3DC25AD9-F9D2-440F-981F-2E580F758155}"
EndProject
Project("{FAE04EC0-301F-11D3-BF4B-00C04F79EFBC}") = "SeleniumManager", "..\SeleniumManager\SeleniumManager.csproj", "{228127A0-6D18-43EF-94FD-AABC1A1430D0}"
EndProject
Global
	GlobalSection(SolutionConfigurationPlatforms) = preSolution
		Debug|Any CPU = Debug|Any CPU
		Release|Any CPU = Release|Any CPU
	EndGlobalSection
	GlobalSection(ProjectConfigurationPlatforms) = postSolution
		{718470E2-B115-4554-AA06-BC443C11805C}.Debug|Any CPU.ActiveCfg = Debug|Any CPU
		{718470E2-B115-4554-AA06-BC443C11805C}.Debug|Any CPU.Build.0 = Debug|Any CPU
		{718470E2-B115-4554-AA06-BC443C11805C}.Release|Any CPU.ActiveCfg = Release|Any CPU
		{718470E2-B115-4554-AA06-BC443C11805C}.Release|Any CPU.Build.0 = Release|Any CPU
		{3DC25AD9-F9D2-440F-981F-2E580F758155}.Debug|Any CPU.ActiveCfg = Debug|Any CPU
		{3DC25AD9-F9D2-440F-981F-2E580F758155}.Debug|Any CPU.Build.0 = Debug|Any CPU
		{3DC25AD9-F9D2-440F-981F-2E580F758155}.Release|Any CPU.ActiveCfg = Release|Any CPU
		{3DC25AD9-F9D2-440F-981F-2E580F758155}.Release|Any CPU.Build.0 = Release|Any CPU
		{228127A0-6D18-43EF-94FD-AABC1A1430D0}.Debug|Any CPU.ActiveCfg = Debug|Any CPU
		{228127A0-6D18-43EF-94FD-AABC1A1430D0}.Debug|Any CPU.Build.0 = Debug|Any CPU
		{228127A0-6D18-43EF-94FD-AABC1A1430D0}.Release|Any CPU.ActiveCfg = Release|Any CPU
		{228127A0-6D18-43EF-94FD-AABC1A1430D0}.Release|Any CPU.Build.0 = Release|Any CPU
	EndGlobalSection
	GlobalSection(SolutionProperties) = preSolution
		HideSolutionNode = FALSE
	EndGlobalSection
EndGlobal
